
Microsoft Visual Studio Solution File, Format Version 12.00
# Visual Studio Version 16
VisualStudioVersion = 16.0.32929.386
MinimumVisualStudioVersion = 10.0.40219.1
Project("{FAE04EC0-301F-11D3-BF4B-00C04F79EFBC}") = "Home", "Home\Home.csproj", "{6E94E0D6-6178-4BB8-9542-916042378F3B}"
EndProject
Global
	GlobalSection(SolutionConfigurationPlatforms) = preSolution
		Debug|Any CPU = Debug|Any CPU
		Release|Any CPU = Release|Any CPU
	EndGlobalSection
	GlobalSection(ProjectConfigurationPlatforms) = postSolution
		{6E94E0D6-6178-4BB8-9542-916042378F3B}.Debug|Any CPU.ActiveCfg = Debug|Any CPU
		{6E94E0D6-6178-4BB8-9542-916042378F3B}.Debug|Any CPU.Build.0 = Debug|Any CPU
		{6E94E0D6-6178-4BB8-9542-916042378F3B}.Release|Any CPU.ActiveCfg = Release|Any CPU
		{6E94E0D6-6178-4BB8-9542-916042378F3B}.Release|Any CPU.Build.0 = Release|Any CPU
	EndGlobalSection
	GlobalSection(SolutionProperties) = preSolution
		HideSolutionNode = FALSE
	EndGlobalSection
	GlobalSection(ExtensibilityGlobals) = postSolution
		SolutionGuid = {CECBE859-DCD9-4388-A506-48C29222F063}
	EndGlobalSection
EndGlobal
